
Microsoft Visual Studio Solution File, Format Version 12.00
# Visual Studio Version 16
VisualStudioVersion = 16.0.32228.343
MinimumVisualStudioVersion = 10.0.40219.1
Project("{FAE04EC0-301F-11D3-BF4B-00C04F79EFBC}") = "ConsoleApp1", "ConsoleApp1\ConsoleApp1.csproj", "{29E1572B-BB5A-48A9-B089-ABB9FDDE77A5}"
EndProject
Global
	GlobalSection(SolutionConfigurationPlatforms) = preSolution
		Debug|Any CPU = Debug|Any CPU
		Release|Any CPU = Release|Any CPU
	EndGlobalSection
	GlobalSection(ProjectConfigurationPlatforms) = postSolution
		{29E1572B-BB5A-48A9-B089-ABB9FDDE77A5}.Debug|Any CPU.ActiveCfg = Debug|Any CPU
		{29E1572B-BB5A-48A9-B089-ABB9FDDE77A5}.Debug|Any CPU.Build.0 = Debug|Any CPU
		{29E1572B-BB5A-48A9-B089-ABB9FDDE77A5}.Release|Any CPU.ActiveCfg = Release|Any CPU
		{29E1572B-BB5A-48A9-B089-ABB9FDDE77A5}.Release|Any CPU.Build.0 = Release|Any CPU
	EndGlobalSection
	GlobalSection(SolutionProperties) = preSolution
		HideSolutionNode = FALSE
	EndGlobalSection
	GlobalSection(ExtensibilityGlobals) = postSolution
		SolutionGuid = {3EDDA50F-73D8-4AC4-B76E-F85DDA78ECB8}
	EndGlobalSection
EndGlobal
